{
  "requires": true,
  "lockfileVersion": 1,
  "dependencies": {
    "fontfaceobserver": {
      "version": "2.1.0",
      "resolved": "https://registry.npmjs.org/fontfaceobserver/-/fontfaceobserver-2.1.0.tgz",
      "integrity": "sha512-ReOsO2F66jUa0jmv2nlM/s1MiutJx/srhAe2+TE8dJCMi02ZZOcCTxTCQFr3Yet+uODUtnr4Mewg+tNQ+4V1Ng=="
    }
  }
}
